
Microsoft Visual Studio Solution File, Format Version 12.00
# Visual Studio Version 16
VisualStudioVersion = 16.0.32106.194
MinimumVisualStudioVersion = 10.0.40219.1
Project("{FAE04EC0-301F-11D3-BF4B-00C04F79EFBC}") = "time", "time\time.csproj", "{B13FF948-A17F-4942-AD4A-888E98BEDEA8}"
EndProject
Global
	GlobalSection(SolutionConfigurationPlatforms) = preSolution
		Debug|Any CPU = Debug|Any CPU
		Release|Any CPU = Release|Any CPU
	EndGlobalSection
	GlobalSection(ProjectConfigurationPlatforms) = postSolution
		{B13FF948-A17F-4942-AD4A-888E98BEDEA8}.Debug|Any CPU.ActiveCfg = Debug|Any CPU
		{B13FF948-A17F-4942-AD4A-888E98BEDEA8}.Debug|Any CPU.Build.0 = Debug|Any CPU
		{B13FF948-A17F-4942-AD4A-888E98BEDEA8}.Release|Any CPU.ActiveCfg = Release|Any CPU
		{B13FF948-A17F-4942-AD4A-888E98BEDEA8}.Release|Any CPU.Build.0 = Release|Any CPU
	EndGlobalSection
	GlobalSection(SolutionProperties) = preSolution
		HideSolutionNode = FALSE
	EndGlobalSection
	GlobalSection(ExtensibilityGlobals) = postSolution
		SolutionGuid = {D79F7ACE-C29C-44E1-85CD-C3C7DB47F1EC}
	EndGlobalSection
EndGlobal
